{
  "version": 4,
  "terraform_version": "0.12.3",
  "serial": 129,
  "lineage": "75468166-0379-92ca-68d6-31086d23577d",
  "outputs": {},
  "resources": [
    {
      "mode": "data",
      "type": "digitalocean_ssh_key",
      "name": "default",
      "provider": "provider.digitalocean",
      "instances": [
        {
          "schema_version": 0,
          "attributes": {
            "fingerprint": "60:3a:ac:0e:82:95:5d:ff:d7:80:ca:64:fe:78:b6:3a",
            "id": "25015342",
            "name": "rneave@Richard-Neave-Work",
            "public_key": "ssh-rsa AAAAB3NzaC1yc2EAAAADAQABAAABAQDJeWbf61aNyvv57z+/XB9VGp3fqJgYsjnduaBojKe0YyQGPPmVID50m3C0LhtRPFmRZo/0xjrKVgeVyyWgc9ki4TAT8BdNdUiX4OOo4Ip/KMjdXmMbtHwDfmXQPc7w/SLRE2g3vDs/mW7i9XzjuIj+yKa1AtMD8kToUbUMtfmgwHSuGvkY5ppX6rdazXKKV6Bko9G5SpubtE9GAuD0k3+1caIRhQYp7e/wfgbCNXeG4pU4Kt+u/uBvTmV6Ou6VCes5SkAXst5OZQ9a93vIT3QQJUkYGXypLPd0u17VLd5nujlVabRZWiTPmCJVhvHN4bUZQMiq8NaQFxdJb4+6KEn/ rneave@rneave-mac.local"
          }
        }
      ]
    },
    {
      "mode": "managed",
      "type": "digitalocean_domain",
      "name": "default",
      "provider": "provider.digitalocean",
      "instances": [
        {
          "schema_version": 0,
          "attributes": {
            "id": "dev01.8lr.co.uk",
            "ip_address": "209.97.183.104",
            "name": "dev01.8lr.co.uk",
            "urn": "do:domain:dev01.8lr.co.uk"
          }
        }
      ]
    },
    {
      "mode": "managed",
      "type": "digitalocean_droplet",
      "name": "dev01",
      "provider": "provider.digitalocean",
      "instances": [
        {
          "schema_version": 1,
          "attributes": {
            "backups": false,
            "disk": 25,
            "id": "150714395",
            "image": "ubuntu-18-04-x64",
            "ipv4_address": "209.97.183.104",
            "ipv4_address_private": "",
            "ipv6": false,
            "ipv6_address": "",
            "ipv6_address_private": null,
            "locked": false,
            "memory": 1024,
            "monitoring": false,
            "name": "dev01.8lr.co.uk",
            "price_hourly": 0.00744,
            "price_monthly": 5,
            "private_networking": false,
            "region": "lon1",
            "resize_disk": true,
            "size": "s-1vcpu-1gb",
            "ssh_keys": [
              "60:3a:ac:0e:82:95:5d:ff:d7:80:ca:64:fe:78:b6:3a"
            ],
            "status": "active",
            "tags": [],
            "urn": "do:droplet:150714395",
            "user_data": null,
            "vcpus": 1,
            "volume_ids": []
          },
          "depends_on": [
            "data.digitalocean_ssh_key.default"
          ]
        }
      ]
    }
  ]
}
